
Microsoft Visual Studio Solution File, Format Version 12.00
# Visual Studio 14
VisualStudioVersion = 14.0.25420.1
MinimumVisualStudioVersion = 10.0.40219.1
Project("{2150E333-8FDC-42A3-9474-1A3956D46DE8}") = "DynamicProgramming", "DynamicProgramming", "{34105C5C-9E5F-4553-A913-5421BACE612E}"
EndProject
Project("{8BB2217D-0F2D-49D1-97BC-3654ED321F3B}") = "DungeonGame", "DungeonGame\DungeonGame.xproj", "{A6890A93-6579-45E7-8A28-FF8DBC1DA03A}"
EndProject
Project("{2150E333-8FDC-42A3-9474-1A3956D46DE8}") = "StringsAndArrays", "StringsAndArrays", "{E61EE04F-F490-4063-AC56-12E9AB3E44D9}"
EndProject
Project("{8BB2217D-0F2D-49D1-97BC-3654ED321F3B}") = "ZigZagConversion", "ZigZagConversion\ZigZagConversion.xproj", "{CC7EE8A3-BC5F-48EB-8014-A4FAA1FF374A}"
EndProject
Project("{8BB2217D-0F2D-49D1-97BC-3654ED321F3B}") = "UniqueCharacters", "UniqueCharacters\UniqueCharacters.xproj", "{1210C9CC-B0DE-4CA5-9EAA-4DB3474845DA}"
EndProject
Project("{8BB2217D-0F2D-49D1-97BC-3654ED321F3B}") = "GreedyJustify", "GreedyJustify\GreedyJustify.xproj", "{267FF86B-EE86-435E-9B8A-79A9581EA8F8}"
EndProject
Project("{8BB2217D-0F2D-49D1-97BC-3654ED321F3B}") = "SubstringConcatenateAllWords", "SubstringConcatenateAllWords\SubstringConcatenateAllWords.xproj", "{8EB172A5-2B14-444A-8FDF-AEE49B4B7EF2}"
EndProject
Project("{8BB2217D-0F2D-49D1-97BC-3654ED321F3B}") = "SubMatrixSumZero", "SubMatrixSumZero\SubMatrixSumZero.xproj", "{7E2A0B0F-9126-4A72-A5BB-0F79D30194EF}"
EndProject
Project("{8BB2217D-0F2D-49D1-97BC-3654ED321F3B}") = "FirstIndexNeedleHaystack", "FirstIndexNeedleHaystack\FirstIndexNeedleHaystack.xproj", "{75A21B0D-EA48-4140-9162-B9266F026AE4}"
EndProject
Project("{8BB2217D-0F2D-49D1-97BC-3654ED321F3B}") = "CompressString", "CompressString\CompressString.xproj", "{27406637-0022-4E39-9BEB-3E40953091E5}"
EndProject
Project("{8BB2217D-0F2D-49D1-97BC-3654ED321F3B}") = "MessageNewspaper", "MessageNewspaper\MessageNewspaper.xproj", "{040A6E11-87A0-4162-959A-D3BC28794BB5}"
EndProject
Global
	GlobalSection(SolutionConfigurationPlatforms) = preSolution
		Debug|Any CPU = Debug|Any CPU
		Release|Any CPU = Release|Any CPU
	EndGlobalSection
	GlobalSection(ProjectConfigurationPlatforms) = postSolution
		{A6890A93-6579-45E7-8A28-FF8DBC1DA03A}.Debug|Any CPU.ActiveCfg = Debug|Any CPU
		{A6890A93-6579-45E7-8A28-FF8DBC1DA03A}.Debug|Any CPU.Build.0 = Debug|Any CPU
		{A6890A93-6579-45E7-8A28-FF8DBC1DA03A}.Release|Any CPU.ActiveCfg = Release|Any CPU
		{A6890A93-6579-45E7-8A28-FF8DBC1DA03A}.Release|Any CPU.Build.0 = Release|Any CPU
		{CC7EE8A3-BC5F-48EB-8014-A4FAA1FF374A}.Debug|Any CPU.ActiveCfg = Debug|Any CPU
		{CC7EE8A3-BC5F-48EB-8014-A4FAA1FF374A}.Debug|Any CPU.Build.0 = Debug|Any CPU
		{CC7EE8A3-BC5F-48EB-8014-A4FAA1FF374A}.Release|Any CPU.ActiveCfg = Release|Any CPU
		{CC7EE8A3-BC5F-48EB-8014-A4FAA1FF374A}.Release|Any CPU.Build.0 = Release|Any CPU
		{1210C9CC-B0DE-4CA5-9EAA-4DB3474845DA}.Debug|Any CPU.ActiveCfg = Debug|Any CPU
		{1210C9CC-B0DE-4CA5-9EAA-4DB3474845DA}.Debug|Any CPU.Build.0 = Debug|Any CPU
		{1210C9CC-B0DE-4CA5-9EAA-4DB3474845DA}.Release|Any CPU.ActiveCfg = Release|Any CPU
		{1210C9CC-B0DE-4CA5-9EAA-4DB3474845DA}.Release|Any CPU.Build.0 = Release|Any CPU
		{267FF86B-EE86-435E-9B8A-79A9581EA8F8}.Debug|Any CPU.ActiveCfg = Debug|Any CPU
		{267FF86B-EE86-435E-9B8A-79A9581EA8F8}.Debug|Any CPU.Build.0 = Debug|Any CPU
		{267FF86B-EE86-435E-9B8A-79A9581EA8F8}.Release|Any CPU.ActiveCfg = Release|Any CPU
		{267FF86B-EE86-435E-9B8A-79A9581EA8F8}.Release|Any CPU.Build.0 = Release|Any CPU
		{8EB172A5-2B14-444A-8FDF-AEE49B4B7EF2}.Debug|Any CPU.ActiveCfg = Debug|Any CPU
		{8EB172A5-2B14-444A-8FDF-AEE49B4B7EF2}.Debug|Any CPU.Build.0 = Debug|Any CPU
		{8EB172A5-2B14-444A-8FDF-AEE49B4B7EF2}.Release|Any CPU.ActiveCfg = Release|Any CPU
		{8EB172A5-2B14-444A-8FDF-AEE49B4B7EF2}.Release|Any CPU.Build.0 = Release|Any CPU
		{7E2A0B0F-9126-4A72-A5BB-0F79D30194EF}.Debug|Any CPU.ActiveCfg = Debug|Any CPU
		{7E2A0B0F-9126-4A72-A5BB-0F79D30194EF}.Debug|Any CPU.Build.0 = Debug|Any CPU
		{7E2A0B0F-9126-4A72-A5BB-0F79D30194EF}.Release|Any CPU.ActiveCfg = Release|Any CPU
		{7E2A0B0F-9126-4A72-A5BB-0F79D30194EF}.Release|Any CPU.Build.0 = Release|Any CPU
		{75A21B0D-EA48-4140-9162-B9266F026AE4}.Debug|Any CPU.ActiveCfg = Debug|Any CPU
		{75A21B0D-EA48-4140-9162-B9266F026AE4}.Debug|Any CPU.Build.0 = Debug|Any CPU
		{75A21B0D-EA48-4140-9162-B9266F026AE4}.Release|Any CPU.ActiveCfg = Release|Any CPU
		{75A21B0D-EA48-4140-9162-B9266F026AE4}.Release|Any CPU.Build.0 = Release|Any CPU
		{27406637-0022-4E39-9BEB-3E40953091E5}.Debug|Any CPU.ActiveCfg = Debug|Any CPU
		{27406637-0022-4E39-9BEB-3E40953091E5}.Debug|Any CPU.Build.0 = Debug|Any CPU
		{27406637-0022-4E39-9BEB-3E40953091E5}.Release|Any CPU.ActiveCfg = Release|Any CPU
		{27406637-0022-4E39-9BEB-3E40953091E5}.Release|Any CPU.Build.0 = Release|Any CPU
		{040A6E11-87A0-4162-959A-D3BC28794BB5}.Debug|Any CPU.ActiveCfg = Debug|Any CPU
		{040A6E11-87A0-4162-959A-D3BC28794BB5}.Debug|Any CPU.Build.0 = Debug|Any CPU
		{040A6E11-87A0-4162-959A-D3BC28794BB5}.Release|Any CPU.ActiveCfg = Release|Any CPU
		{040A6E11-87A0-4162-959A-D3BC28794BB5}.Release|Any CPU.Build.0 = Release|Any CPU
	EndGlobalSection
	GlobalSection(SolutionProperties) = preSolution
		HideSolutionNode = FALSE
	EndGlobalSection
	GlobalSection(NestedProjects) = preSolution
		{A6890A93-6579-45E7-8A28-FF8DBC1DA03A} = {34105C5C-9E5F-4553-A913-5421BACE612E}
		{CC7EE8A3-BC5F-48EB-8014-A4FAA1FF374A} = {E61EE04F-F490-4063-AC56-12E9AB3E44D9}
		{1210C9CC-B0DE-4CA5-9EAA-4DB3474845DA} = {E61EE04F-F490-4063-AC56-12E9AB3E44D9}
		{267FF86B-EE86-435E-9B8A-79A9581EA8F8} = {E61EE04F-F490-4063-AC56-12E9AB3E44D9}
		{8EB172A5-2B14-444A-8FDF-AEE49B4B7EF2} = {E61EE04F-F490-4063-AC56-12E9AB3E44D9}
		{7E2A0B0F-9126-4A72-A5BB-0F79D30194EF} = {E61EE04F-F490-4063-AC56-12E9AB3E44D9}
		{75A21B0D-EA48-4140-9162-B9266F026AE4} = {E61EE04F-F490-4063-AC56-12E9AB3E44D9}
		{27406637-0022-4E39-9BEB-3E40953091E5} = {E61EE04F-F490-4063-AC56-12E9AB3E44D9}
		{040A6E11-87A0-4162-959A-D3BC28794BB5} = {E61EE04F-F490-4063-AC56-12E9AB3E44D9}
	EndGlobalSection
EndGlobal
